
Microsoft Visual Studio Solution File, Format Version 12.00
# Visual Studio Version 17
VisualStudioVersion = 17.7.34009.444
MinimumVisualStudioVersion = 10.0.40219.1
Project("{FAE04EC0-301F-11D3-BF4B-00C04F79EFBC}") = "SignalRChatApp.Server", "SignalRChatApp\Server\SignalRChatApp.Server.csproj", "{DD61CF71-63B1-46EA-873B-A7875708E150}"
EndProject
Project("{FAE04EC0-301F-11D3-BF4B-00C04F79EFBC}") = "SignalRChatApp.Client", "SignalRChatApp\Client\SignalRChatApp.Client.csproj", "{2A2C2FEE-C553-4896-931C-680AF4CCCCF1}"
EndProject
Project("{FAE04EC0-301F-11D3-BF4B-00C04F79EFBC}") = "SignalRChatApp.Shared", "SignalRChatApp\Shared\SignalRChatApp.Shared.csproj", "{66606903-AFAD-4732-9D0D-8DC6B83F5179}"
EndProject
Global
	GlobalSection(SolutionConfigurationPlatforms) = preSolution
		Debug|Any CPU = Debug|Any CPU
		Release|Any CPU = Release|Any CPU
	EndGlobalSection
	GlobalSection(ProjectConfigurationPlatforms) = postSolution
		{DD61CF71-63B1-46EA-873B-A7875708E150}.Debug|Any CPU.ActiveCfg = Debug|Any CPU
		{DD61CF71-63B1-46EA-873B-A7875708E150}.Debug|Any CPU.Build.0 = Debug|Any CPU
		{DD61CF71-63B1-46EA-873B-A7875708E150}.Release|Any CPU.ActiveCfg = Release|Any CPU
		{DD61CF71-63B1-46EA-873B-A7875708E150}.Release|Any CPU.Build.0 = Release|Any CPU
		{2A2C2FEE-C553-4896-931C-680AF4CCCCF1}.Debug|Any CPU.ActiveCfg = Debug|Any CPU
		{2A2C2FEE-C553-4896-931C-680AF4CCCCF1}.Debug|Any CPU.Build.0 = Debug|Any CPU
		{2A2C2FEE-C553-4896-931C-680AF4CCCCF1}.Release|Any CPU.ActiveCfg = Release|Any CPU
		{2A2C2FEE-C553-4896-931C-680AF4CCCCF1}.Release|Any CPU.Build.0 = Release|Any CPU
		{66606903-AFAD-4732-9D0D-8DC6B83F5179}.Debug|Any CPU.ActiveCfg = Debug|Any CPU
		{66606903-AFAD-4732-9D0D-8DC6B83F5179}.Debug|Any CPU.Build.0 = Debug|Any CPU
		{66606903-AFAD-4732-9D0D-8DC6B83F5179}.Release|Any CPU.ActiveCfg = Release|Any CPU
		{66606903-AFAD-4732-9D0D-8DC6B83F5179}.Release|Any CPU.Build.0 = Release|Any CPU
	EndGlobalSection
	GlobalSection(SolutionProperties) = preSolution
		HideSolutionNode = FALSE
	EndGlobalSection
	GlobalSection(ExtensibilityGlobals) = postSolution
		SolutionGuid = {42429E22-5D2E-488E-816A-923FF75234AF}
	EndGlobalSection
EndGlobal
